// !$*UTF8*$!
{
	archiveVersion = 1;
	classes = {
	};
	objectVersion = 50;
	objects = {

/* Begin PBXBuildFile section */
		3D9B3CD826E6D61C007A1C1F /* AppDelegate.swift in Sources */ = {isa = PBXBuildFile; fileRef = 3D9B3CD726E6D61C007A1C1F /* AppDelegate.swift */; };
		3D9B3CDA26E6D61C007A1C1F /* ViewController.swift in Sources */ = {isa = PBXBuildFile; fileRef = 3D9B3CD926E6D61C007A1C1F /* ViewController.swift */; };
		3D9B3CDD26E6D61C007A1C1F /* Main.storyboard in Resources */ = {isa = PBXBuildFile; fileRef = 3D9B3CDB26E6D61C007A1C1F /* Main.storyboard */; };
		3D9B3CDF26E6D61F007A1C1F /* Assets.xcassets in Resources */ = {isa = PBXBuildFile; fileRef = 3D9B3CDE26E6D61F007A1C1F /* Assets.xcassets */; };
		3D9B3CE226E6D61F007A1C1F /* LaunchScreen.storyboard in Resources */ = {isa = PBXBuildFile; fileRef = 3D9B3CE026E6D61F007A1C1F /* LaunchScreen.storyboard */; };
		3D9B3CED26E6D61F007A1C1F /* Practica_8Tests.swift in Sources */ = {isa = PBXBuildFile; fileRef = 3D9B3CEC26E6D61F007A1C1F /* Practica_8Tests.swift */; };
		3D9B3CF826E6D61F007A1C1F /* Practica_8UITests.swift in Sources */ = {isa = PBXBuildFile; fileRef = 3D9B3CF726E6D61F007A1C1F /* Practica_8UITests.swift */; };
/* End PBXBuildFile section */

/* Begin PBXContainerItemProxy section */
		3D9B3CE926E6D61F007A1C1F /* PBXContainerItemProxy */ = {
			isa = PBXContainerItemProxy;
			containerPortal = 3D9B3CCC26E6D61C007A1C1F /* Project object */;
			proxyType = 1;
			remoteGlobalIDString = 3D9B3CD326E6D61C007A1C1F;
			remoteInfo = "Practica 8";
		};
		3D9B3CF426E6D61F007A1C1F /* PBXContainerItemProxy */ = {
			isa = PBXContainerItemProxy;
			containerPortal = 3D9B3CCC26E6D61C007A1C1F /* Project object */;
			proxyType = 1;
			remoteGlobalIDString = 3D9B3CD326E6D61C007A1C1F;
			remoteInfo = "Practica 8";
		};
/* End PBXContainerItemProxy section */

/* Begin PBXFileReference section */
		3D9B3CD426E6D61C007A1C1F /* Practica 8.app */ = {isa = PBXFileReference; explicitFileType = wrapper.application; includeInIndex = 0; path = "Practica 8.app"; sourceTree = BUILT_PRODUCTS_DIR; };
		3D9B3CD726E6D61C007A1C1F /* AppDelegate.swift */ = {isa = PBXFileReference; lastKnownFileType = sourcecode.swift; path = AppDelegate.swift; sourceTree = "<group>"; };
		3D9B3CD926E6D61C007A1C1F /* ViewController.swift */ = {isa = PBXFileReference; lastKnownFileType = sourcecode.swift; path = ViewController.swift; sourceTree = "<group>"; };
		3D9B3CDC26E6D61C007A1C1F /* Base */ = {isa = PBXFileReference; lastKnownFileType = file.storyboard; name = Base; path = Base.lproj/Main.storyboard; sourceTree = "<group>"; };
		3D9B3CDE26E6D61F007A1C1F /* Assets.xcassets */ = {isa = PBXFileReference; lastKnownFileType = folder.assetcatalog; path = Assets.xcassets; sourceTree = "<group>"; };
		3D9B3CE126E6D61F007A1C1F /* Base */ = {isa = PBXFileReference; lastKnownFileType = file.storyboard; name = Base; path = Base.lproj/LaunchScreen.storyboard; sourceTree = "<group>"; };
		3D9B3CE326E6D61F007A1C1F /* Info.plist */ = {isa = PBXFileReference; lastKnownFileType = text.plist.xml; path = Info.plist; sourceTree = "<group>"; };
		3D9B3CE826E6D61F007A1C1F /* Practica 8Tests.xctest */ = {isa = PBXFileReference; explicitFileType = wrapper.cfbundle; includeInIndex = 0; path = "Practica 8Tests.xctest"; sourceTree = BUILT_PRODUCTS_DIR; };
		3D9B3CEC26E6D61F007A1C1F /* Practica_8Tests.swift */ = {isa = PBXFileReference; lastKnownFileType = sourcecode.swift; path = Practica_8Tests.swift; sourceTree = "<group>"; };
		3D9B3CEE26E6D61F007A1C1F /* Info.plist */ = {isa = PBXFileReference; lastKnownFileType = text.plist.xml; path = Info.plist; sourceTree = "<group>"; };
		3D9B3CF326E6D61F007A1C1F /* Practica 8UITests.xctest */ = {isa = PBXFileReference; explicitFileType = wrapper.cfbundle; includeInIndex = 0; path = "Practica 8UITests.xctest"; sourceTree = BUILT_PRODUCTS_DIR; };
		3D9B3CF726E6D61F007A1C1F /* Practica_8UITests.swift */ = {isa = PBXFileReference; lastKnownFileType = sourcecode.swift; path = Practica_8UITests.swift; sourceTree = "<group>"; };
		3D9B3CF926E6D61F007A1C1F /* Info.plist */ = {isa = PBXFileReference; lastKnownFileType = text.plist.xml; path = Info.plist; sourceTree = "<group>"; };
/* End PBXFileReference section */

/* Begin PBXFrameworksBuildPhase section */
		3D9B3CD126E6D61C007A1C1F /* Frameworks */ = {
			isa = PBXFrameworksBuildPhase;
			buildActionMask = 2147483647;
			files = (
			);
			runOnlyForDeploymentPostprocessing = 0;
		};
		3D9B3CE526E6D61F007A1C1F /* Frameworks */ = {
			isa = PBXFrameworksBuildPhase;
			buildActionMask = 2147483647;
			files = (
			);
			runOnlyForDeploymentPostprocessing = 0;
		};
		3D9B3CF026E6D61F007A1C1F /* Frameworks */ = {
			isa = PBXFrameworksBuildPhase;
			buildActionMask = 2147483647;
			files = (
			);
			runOnlyForDeploymentPostprocessing = 0;
		};
/* End PBXFrameworksBuildPhase section */

/* Begin PBXGroup section */
		3D9B3CCB26E6D61C007A1C1F = {
			isa = PBXGroup;
			children = (
				3D9B3CD626E6D61C007A1C1F /* Practica 8 */,
				3D9B3CEB26E6D61F007A1C1F /* Practica 8Tests */,
				3D9B3CF626E6D61F007A1C1F /* Practica 8UITests */,
				3D9B3CD526E6D61C007A1C1F /* Products */,
			);
			sourceTree = "<group>";
		};
		3D9B3CD526E6D61C007A1C1F /* Products */ = {
			isa = PBXGroup;
			children = (
				3D9B3CD426E6D61C007A1C1F /* Practica 8.app */,
				3D9B3CE826E6D61F007A1C1F /* Practica 8Tests.xctest */,
				3D9B3CF326E6D61F007A1C1F /* Practica 8UITests.xctest */,
			);
			name = Products;
			sourceTree = "<group>";
		};
		3D9B3CD626E6D61C007A1C1F /* Practica 8 */ = {
			isa = PBXGroup;
			children = (
				3D9B3CD726E6D61C007A1C1F /* AppDelegate.swift */,
				3D9B3CD926E6D61C007A1C1F /* ViewController.swift */,
				3D9B3CDB26E6D61C007A1C1F /* Main.storyboard */,
				3D9B3CDE26E6D61F007A1C1F /* Assets.xcassets */,
				3D9B3CE026E6D61F007A1C1F /* LaunchScreen.storyboard */,
				3D9B3CE326E6D61F007A1C1F /* Info.plist */,
			);
			path = "Practica 8";
			sourceTree = "<group>";
		};
		3D9B3CEB26E6D61F007A1C1F /* Practica 8Tests */ = {
			isa = PBXGroup;
			children = (
				3D9B3CEC26E6D61F007A1C1F /* Practica_8Tests.swift */,
				3D9B3CEE26E6D61F007A1C1F /* Info.plist */,
			);
			path = "Practica 8Tests";
			sourceTree = "<group>";
		};
		3D9B3CF626E6D61F007A1C1F /* Practica 8UITests */ = {
			isa = PBXGroup;
			children = (
				3D9B3CF726E6D61F007A1C1F /* Practica_8UITests.swift */,
				3D9B3CF926E6D61F007A1C1F /* Info.plist */,
			);
			path = "Practica 8UITests";
			sourceTree = "<group>";
		};
/* End PBXGroup section */

/* Begin PBXNativeTarget section */
		3D9B3CD326E6D61C007A1C1F /* Practica 8 */ = {
			isa = PBXNativeTarget;
			buildConfigurationList = 3D9B3CFC26E6D61F007A1C1F /* Build configuration list for PBXNativeTarget "Practica 8" */;
			buildPhases = (
				3D9B3CD026E6D61C007A1C1F /* Sources */,
				3D9B3CD126E6D61C007A1C1F /* Frameworks */,
				3D9B3CD226E6D61C007A1C1F /* Resources */,
			);
			buildRules = (
			);
			dependencies = (
			);
			name = "Practica 8";
			productName = "Practica 8";
			productReference = 3D9B3CD426E6D61C007A1C1F /* Practica 8.app */;
			productType = "com.apple.product-type.application";
		};
		3D9B3CE726E6D61F007A1C1F /* Practica 8Tests */ = {
			isa = PBXNativeTarget;
			buildConfigurationList = 3D9B3CFF26E6D61F007A1C1F /* Build configuration list for PBXNativeTarget "Practica 8Tests" */;
			buildPhases = (
				3D9B3CE426E6D61F007A1C1F /* Sources */,
				3D9B3CE526E6D61F007A1C1F /* Frameworks */,
				3D9B3CE626E6D61F007A1C1F /* Resources */,
			);
			buildRules = (
			);
			dependencies = (
				3D9B3CEA26E6D61F007A1C1F /* PBXTargetDependency */,
			);
			name = "Practica 8Tests";
			productName = "Practica 8Tests";
			productReference = 3D9B3CE826E6D61F007A1C1F /* Practica 8Tests.xctest */;
			productType = "com.apple.product-type.bundle.unit-test";
		};
		3D9B3CF226E6D61F007A1C1F /* Practica 8UITests */ = {
			isa = PBXNativeTarget;
			buildConfigurationList = 3D9B3D0226E6D61F007A1C1F /* Build configuration list for PBXNativeTarget "Practica 8UITests" */;
			buildPhases = (
				3D9B3CEF26E6D61F007A1C1F /* Sources */,
				3D9B3CF026E6D61F007A1C1F /* Frameworks */,
				3D9B3CF126E6D61F007A1C1F /* Resources */,
			);
			buildRules = (
			);
			dependencies = (
				3D9B3CF526E6D61F007A1C1F /* PBXTargetDependency */,
			);
			name = "Practica 8UITests";
			productName = "Practica 8UITests";
			productReference = 3D9B3CF326E6D61F007A1C1F /* Practica 8UITests.xctest */;
			productType = "com.apple.product-type.bundle.ui-testing";
		};
/* End PBXNativeTarget section */

/* Begin PBXProject section */
		3D9B3CCC26E6D61C007A1C1F /* Project object */ = {
			isa = PBXProject;
			attributes = {
				LastSwiftUpdateCheck = 1030;
				LastUpgradeCheck = 1030;
				ORGANIZATIONNAME = Alumno;
				TargetAttributes = {
					3D9B3CD326E6D61C007A1C1F = {
						CreatedOnToolsVersion = 10.3;
					};
					3D9B3CE726E6D61F007A1C1F = {
						CreatedOnToolsVersion = 10.3;
						TestTargetID = 3D9B3CD326E6D61C007A1C1F;
					};
					3D9B3CF226E6D61F007A1C1F = {
						CreatedOnToolsVersion = 10.3;
						TestTargetID = 3D9B3CD326E6D61C007A1C1F;
					};
				};
			};
			buildConfigurationList = 3D9B3CCF26E6D61C007A1C1F /* Build configuration list for PBXProject "Practica 8" */;
			compatibilityVersion = "Xcode 9.3";
			developmentRegion = en;
			hasScannedForEncodings = 0;
			knownRegions = (
				en,
				Base,
			);
			mainGroup = 3D9B3CCB26E6D61C007A1C1F;
			productRefGroup = 3D9B3CD526E6D61C007A1C1F /* Products */;
			projectDirPath = "";
			projectRoot = "";
			targets = (
				3D9B3CD326E6D61C007A1C1F /* Practica 8 */,
				3D9B3CE726E6D61F007A1C1F /* Practica 8Tests */,
				3D9B3CF226E6D61F007A1C1F /* Practica 8UITests */,
			);
		};
/* End PBXProject section */

/* Begin PBXResourcesBuildPhase section */
		3D9B3CD226E6D61C007A1C1F /* Resources */ = {
			isa = PBXResourcesBuildPhase;
			buildActionMask = 2147483647;
			files = (
				3D9B3CE226E6D61F007A1C1F /* LaunchScreen.storyboard in Resources */,
				3D9B3CDF26E6D61F007A1C1F /* Assets.xcassets in Resources */,
				3D9B3CDD26E6D61C007A1C1F /* Main.storyboard in Resources */,
			);
			runOnlyForDeploymentPostprocessing = 0;
		};
		3D9B3CE626E6D61F007A1C1F /* Resources */ = {
			isa = PBXResourcesBuildPhase;
			buildActionMask = 2147483647;
			files = (
			);
			runOnlyForDeploymentPostprocessing = 0;
		};
		3D9B3CF126E6D61F007A1C1F /* Resources */ = {
			isa = PBXResourcesBuildPhase;
			buildActionMask = 2147483647;
			files = (
			);
			runOnlyForDeploymentPostprocessing = 0;
		};
/* End PBXResourcesBuildPhase section */

/* Begin PBXSourcesBuildPhase section */
		3D9B3CD026E6D61C007A1C1F /* Sources */ = {
			isa = PBXSourcesBuildPhase;
			buildActionMask = 2147483647;
			files = (
				3D9B3CDA26E6D61C007A1C1F /* ViewController.swift in Sources */,
				3D9B3CD826E6D61C007A1C1F /* AppDelegate.swift in Sources */,
			);
			runOnlyForDeploymentPostprocessing = 0;
		};
		3D9B3CE426E6D61F007A1C1F /* Sources */ = {
			isa = PBXSourcesBuildPhase;
			buildActionMask = 2147483647;
			files = (
				3D9B3CED26E6D61F007A1C1F /* Practica_8Tests.swift in Sources */,
			);
			runOnlyForDeploymentPostprocessing = 0;
		};
		3D9B3CEF26E6D61F007A1C1F /* Sources */ = {
			isa = PBXSourcesBuildPhase;
			buildActionMask = 2147483647;
			files = (
				3D9B3CF826E6D61F007A1C1F /* Practica_8UITests.swift in Sources */,
			);
			runOnlyForDeploymentPostprocessing = 0;
		};
/* End PBXSourcesBuildPhase section */

/* Begin PBXTargetDependency section */
		3D9B3CEA26E6D61F007A1C1F /* PBXTargetDependency */ = {
			isa = PBXTargetDependency;
			target = 3D9B3CD326E6D61C007A1C1F /* Practica 8 */;
			targetProxy = 3D9B3CE926E6D61F007A1C1F /* PBXContainerItemProxy */;
		};
		3D9B3CF526E6D61F007A1C1F /* PBXTargetDependency */ = {
			isa = PBXTargetDependency;
			target = 3D9B3CD326E6D61C007A1C1F /* Practica 8 */;
			targetProxy = 3D9B3CF426E6D61F007A1C1F /* PBXContainerItemProxy */;
		};
/* End PBXTargetDependency section */

/* Begin PBXVariantGroup section */
		3D9B3CDB26E6D61C007A1C1F /* Main.storyboard */ = {
			isa = PBXVariantGroup;
			children = (
				3D9B3CDC26E6D61C007A1C1F /* Base */,
			);
			name = Main.storyboard;
			sourceTree = "<group>";
		};
		3D9B3CE026E6D61F007A1C1F /* LaunchScreen.storyboard */ = {
			isa = PBXVariantGroup;
			children = (
				3D9B3CE126E6D61F007A1C1F /* Base */,
			);
			name = LaunchScreen.storyboard;
			sourceTree = "<group>";
		};
/* End PBXVariantGroup section */

/* Begin XCBuildConfiguration section */
		3D9B3CFA26E6D61F007A1C1F /* Debug */ = {
			isa = XCBuildConfiguration;
			buildSettings = {
				ALWAYS_SEARCH_USER_PATHS = NO;
				CLANG_ANALYZER_NONNULL = YES;
				CLANG_ANALYZER_NUMBER_OBJECT_CONVERSION = YES_AGGRESSIVE;
				CLANG_CXX_LANGUAGE_STANDARD = "gnu++14";
				CLANG_CXX_LIBRARY = "libc++";
				CLANG_ENABLE_MODULES = YES;
				CLANG_ENABLE_OBJC_ARC = YES;
				CLANG_ENABLE_OBJC_WEAK = YES;
				CLANG_WARN_BLOCK_CAPTURE_AUTORELEASING = YES;
				CLANG_WARN_BOOL_CONVERSION = YES;
				CLANG_WARN_COMMA = YES;
				CLANG_WARN_CONSTANT_CONVERSION = YES;
				CLANG_WARN_DEPRECATED_OBJC_IMPLEMENTATIONS = YES;
				CLANG_WARN_DIRECT_OBJC_ISA_USAGE = YES_ERROR;
				CLANG_WARN_DOCUMENTATION_COMMENTS = YES;
				CLANG_WARN_EMPTY_BODY = YES;
				CLANG_WARN_ENUM_CONVERSION = YES;
				CLANG_WARN_INFINITE_RECURSION = YES;
				CLANG_WARN_INT_CONVERSION = YES;
				CLANG_WARN_NON_LITERAL_NULL_CONVERSION = YES;
				CLANG_WARN_OBJC_IMPLICIT_RETAIN_SELF = YES;
				CLANG_WARN_OBJC_LITERAL_CONVERSION = YES;
				CLANG_WARN_OBJC_ROOT_CLASS = YES_ERROR;
				CLANG_WARN_RANGE_LOOP_ANALYSIS = YES;
				CLANG_WARN_STRICT_PROTOTYPES = YES;
				CLANG_WARN_SUSPICIOUS_MOVE = YES;
				CLANG_WARN_UNGUARDED_AVAILABILITY = YES_AGGRESSIVE;
				CLANG_WARN_UNREACHABLE_CODE = YES;
				CLANG_WARN__DUPLICATE_METHOD_MATCH = YES;
				CODE_SIGN_IDENTITY = "iPhone Developer";
				COPY_PHASE_STRIP = NO;
				DEBUG_INFORMATION_FORMAT = dwarf;
				ENABLE_STRICT_OBJC_MSGSEND = YES;
				ENABLE_TESTABILITY = YES;
				GCC_C_LANGUAGE_STANDARD = gnu11;
				GCC_DYNAMIC_NO_PIC = NO;
				GCC_NO_COMMON_BLOCKS = YES;
				GCC_OPTIMIZATION_LEVEL = 0;
				GCC_PREPROCESSOR_DEFINITIONS = (
					"DEBUG=1",
					"$(inherited)",
				);
				GCC_WARN_64_TO_32_BIT_CONVERSION = YES;
				GCC_WARN_ABOUT_RETURN_TYPE = YES_ERROR;
				GCC_WARN_UNDECLARED_SELECTOR = YES;
				GCC_WARN_UNINITIALIZED_AUTOS = YES_AGGRESSIVE;
				GCC_WARN_UNUSED_FUNCTION = YES;
				GCC_WARN_UNUSED_VARIABLE = YES;
				IPHONEOS_DEPLOYMENT_TARGET = 12.4;
				MTL_ENABLE_DEBUG_INFO = INCLUDE_SOURCE;
				MTL_FAST_MATH = YES;
				ONLY_ACTIVE_ARCH = YES;
				SDKROOT = iphoneos;
				SWIFT_ACTIVE_COMPILATION_CONDITIONS = DEBUG;
				SWIFT_OPTIMIZATION_LEVEL = "-Onone";
			};
			name = Debug;
		};
		3D9B3CFB26E6D61F007A1C1F /* Release */ = {
			isa = XCBuildConfiguration;
			buildSettings = {
				ALWAYS_SEARCH_USER_PATHS = NO;
				CLANG_ANALYZER_NONNULL = YES;
				CLANG_ANALYZER_NUMBER_OBJECT_CONVERSION = YES_AGGRESSIVE;
				CLANG_CXX_LANGUAGE_STANDARD = "gnu++14";
				CLANG_CXX_LIBRARY = "libc++";
				CLANG_ENABLE_MODULES = YES;
				CLANG_ENABLE_OBJC_ARC = YES;
				CLANG_ENABLE_OBJC_WEAK = YES;
				CLANG_WARN_BLOCK_CAPTURE_AUTORELEASING = YES;
				CLANG_WARN_BOOL_CONVERSION = YES;
				CLANG_WARN_COMMA = YES;
				CLANG_WARN_CONSTANT_CONVERSION = YES;
				CLANG_WARN_DEPRECATED_OBJC_IMPLEMENTATIONS = YES;
				CLANG_WARN_DIRECT_OBJC_ISA_USAGE = YES_ERROR;
				CLANG_WARN_DOCUMENTATION_COMMENTS = YES;
				CLANG_WARN_EMPTY_BODY = YES;
				CLANG_WARN_ENUM_CONVERSION = YES;
				CLANG_WARN_INFINITE_RECURSION = YES;
				CLANG_WARN_INT_CONVERSION = YES;
				CLANG_WARN_NON_LITERAL_NULL_CONVERSION = YES;
				CLANG_WARN_OBJC_IMPLICIT_RETAIN_SELF = YES;
				CLANG_WARN_OBJC_LITERAL_CONVERSION = YES;
				CLANG_WARN_OBJC_ROOT_CLASS = YES_ERROR;
				CLANG_WARN_RANGE_LOOP_ANALYSIS = YES;
				CLANG_WARN_STRICT_PROTOTYPES = YES;
				CLANG_WARN_SUSPICIOUS_MOVE = YES;
				CLANG_WARN_UNGUARDED_AVAILABILITY = YES_AGGRESSIVE;
				CLANG_WARN_UNREACHABLE_CODE = YES;
				CLANG_WARN__DUPLICATE_METHOD_MATCH = YES;
				CODE_SIGN_IDENTITY = "iPhone Developer";
				COPY_PHASE_STRIP = NO;
				DEBUG_INFORMATION_FORMAT = "dwarf-with-dsym";
				ENABLE_NS_ASSERTIONS = NO;
				ENABLE_STRICT_OBJC_MSGSEND = YES;
				GCC_C_LANGUAGE_STANDARD = gnu11;
				GCC_NO_COMMON_BLOCKS = YES;
				GCC_WARN_64_TO_32_BIT_CONVERSION = YES;
				GCC_WARN_ABOUT_RETURN_TYPE = YES_ERROR;
				GCC_WARN_UNDECLARED_SELECTOR = YES;
				GCC_WARN_UNINITIALIZED_AUTOS = YES_AGGRESSIVE;
				GCC_WARN_UNUSED_FUNCTION = YES;
				GCC_WARN_UNUSED_VARIABLE = YES;
				IPHONEOS_DEPLOYMENT_TARGET = 12.4;
				MTL_ENABLE_DEBUG_INFO = NO;
				MTL_FAST_MATH = YES;
				SDKROOT = iphoneos;
				SWIFT_COMPILATION_MODE = wholemodule;
				SWIFT_OPTIMIZATION_LEVEL = "-O";
				VALIDATE_PRODUCT = YES;
			};
			name = Release;
		};
		3D9B3CFD26E6D61F007A1C1F /* Debug */ = {
			isa = XCBuildConfiguration;
			buildSettings = {
				ASSETCATALOG_COMPILER_APPICON_NAME = AppIcon;
				CODE_SIGN_STYLE = Automatic;
				INFOPLIST_FILE = "Practica 8/Info.plist";
				LD_RUNPATH_SEARCH_PATHS = (
					"$(inherited)",
					"@executable_path/Frameworks",
				);
				PRODUCT_BUNDLE_IDENTIFIER = "edu.ulsa.Practica-8";
				PRODUCT_NAME = "$(TARGET_NAME)";
				SWIFT_VERSION = 5.0;
				TARGETED_DEVICE_FAMILY = "1,2";
			};
			name = Debug;
		};
		3D9B3CFE26E6D61F007A1C1F /* Release */ = {
			isa = XCBuildConfiguration;
			buildSettings = {
				ASSETCATALOG_COMPILER_APPICON_NAME = AppIcon;
				CODE_SIGN_STYLE = Automatic;
				INFOPLIST_FILE = "Practica 8/Info.plist";
				LD_RUNPATH_SEARCH_PATHS = (
					"$(inherited)",
					"@executable_path/Frameworks",
				);
				PRODUCT_BUNDLE_IDENTIFIER = "edu.ulsa.Practica-8";
				PRODUCT_NAME = "$(TARGET_NAME)";
				SWIFT_VERSION = 5.0;
				TARGETED_DEVICE_FAMILY = "1,2";
			};
			name = Release;
		};
		3D9B3D0026E6D61F007A1C1F /* Debug */ = {
			isa = XCBuildConfiguration;
			buildSettings = {
				ALWAYS_EMBED_SWIFT_STANDARD_LIBRARIES = YES;
				BUNDLE_LOADER = "$(TEST_HOST)";
				CODE_SIGN_STYLE = Automatic;
				INFOPLIST_FILE = "Practica 8Tests/Info.plist";
				LD_RUNPATH_SEARCH_PATHS = (
					"$(inherited)",
					"@executable_path/Frameworks",
					"@loader_path/Frameworks",
				);
				PRODUCT_BUNDLE_IDENTIFIER = "edu.ulsa.Practica-8Tests";
				PRODUCT_NAME = "$(TARGET_NAME)";
				SWIFT_VERSION = 5.0;
				TARGETED_DEVICE_FAMILY = "1,2";
				TEST_HOST = "$(BUILT_PRODUCTS_DIR)/Practica 8.app/Practica 8";
			};
			name = Debug;
		};
		3D9B3D0126E6D61F007A1C1F /* Release */ = {
			isa = XCBuildConfiguration;
			buildSettings = {
				ALWAYS_EMBED_SWIFT_STANDARD_LIBRARIES = YES;
				BUNDLE_LOADER = "$(TEST_HOST)";
				CODE_SIGN_STYLE = Automatic;
				INFOPLIST_FILE = "Practica 8Tests/Info.plist";
				LD_RUNPATH_SEARCH_PATHS = (
					"$(inherited)",
					"@executable_path/Frameworks",
					"@loader_path/Frameworks",
				);
				PRODUCT_BUNDLE_IDENTIFIER = "edu.ulsa.Practica-8Tests";
				PRODUCT_NAME = "$(TARGET_NAME)";
				SWIFT_VERSION = 5.0;
				TARGETED_DEVICE_FAMILY = "1,2";
				TEST_HOST = "$(BUILT_PRODUCTS_DIR)/Practica 8.app/Practica 8";
			};
			name = Release;
		};
		3D9B3D0326E6D61F007A1C1F /* Debug */ = {
			isa = XCBuildConfiguration;
			buildSettings = {
				ALWAYS_EMBED_SWIFT_STANDARD_LIBRARIES = YES;
				CODE_SIGN_STYLE = Automatic;
				INFOPLIST_FILE = "Practica 8UITests/Info.plist";
				LD_RUNPATH_SEARCH_PATHS = (
					"$(inherited)",
					"@executable_path/Frameworks",
					"@loader_path/Frameworks",
				);
				PRODUCT_BUNDLE_IDENTIFIER = "edu.ulsa.Practica-8UITests";
				PRODUCT_NAME = "$(TARGET_NAME)";
				SWIFT_VERSION = 5.0;
				TARGETED_DEVICE_FAMILY = "1,2";
				TEST_TARGET_NAME = "Practica 8";
			};
			name = Debug;
		};
		3D9B3D0426E6D61F007A1C1F /* Release */ = {
			isa = XCBuildConfiguration;
			buildSettings = {
				ALWAYS_EMBED_SWIFT_STANDARD_LIBRARIES = YES;
				CODE_SIGN_STYLE = Automatic;
				INFOPLIST_FILE = "Practica 8UITests/Info.plist";
				LD_RUNPATH_SEARCH_PATHS = (
					"$(inherited)",
					"@executable_path/Frameworks",
					"@loader_path/Frameworks",
				);
				PRODUCT_BUNDLE_IDENTIFIER = "edu.ulsa.Practica-8UITests";
				PRODUCT_NAME = "$(TARGET_NAME)";
				SWIFT_VERSION = 5.0;
				TARGETED_DEVICE_FAMILY = "1,2";
				TEST_TARGET_NAME = "Practica 8";
			};
			name = Release;
		};
/* End XCBuildConfiguration section */

/* Begin XCConfigurationList section */
		3D9B3CCF26E6D61C007A1C1F /* Build configuration list for PBXProject "Practica 8" */ = {
			isa = XCConfigurationList;
			buildConfigurations = (
				3D9B3CFA26E6D61F007A1C1F /* Debug */,
				3D9B3CFB26E6D61F007A1C1F /* Release */,
			);
			defaultConfigurationIsVisible = 0;
			defaultConfigurationName = Release;
		};
		3D9B3CFC26E6D61F007A1C1F /* Build configuration list for PBXNativeTarget "Practica 8" */ = {
			isa = XCConfigurationList;
			buildConfigurations = (
				3D9B3CFD26E6D61F007A1C1F /* Debug */,
				3D9B3CFE26E6D61F007A1C1F /* Release */,
			);
			defaultConfigurationIsVisible = 0;
			defaultConfigurationName = Release;
		};
		3D9B3CFF26E6D61F007A1C1F /* Build configuration list for PBXNativeTarget "Practica 8Tests" */ = {
			isa = XCConfigurationList;
			buildConfigurations = (
				3D9B3D0026E6D61F007A1C1F /* Debug */,
				3D9B3D0126E6D61F007A1C1F /* Release */,
			);
			defaultConfigurationIsVisible = 0;
			defaultConfigurationName = Release;
		};
		3D9B3D0226E6D61F007A1C1F /* Build configuration list for PBXNativeTarget "Practica 8UITests" */ = {
			isa = XCConfigurationList;
			buildConfigurations = (
				3D9B3D0326E6D61F007A1C1F /* Debug */,
				3D9B3D0426E6D61F007A1C1F /* Release */,
			);
			defaultConfigurationIsVisible = 0;
			defaultConfigurationName = Release;
		};
/* End XCConfigurationList section */
	};
	rootObject = 3D9B3CCC26E6D61C007A1C1F /* Project object */;
}
